
Microsoft Visual Studio Solution File, Format Version 12.00
Project("{FAE04EC0-301F-11D3-BF4B-00C04F79EFBC}") = "AzureTest.API", "AzureTest.API\AzureTest.API.csproj", "{DD2EB256-8646-4483-9DD1-9815A7D66326}"
EndProject
Project("{FAE04EC0-301F-11D3-BF4B-00C04F79EFBC}") = "AzureTest.Function", "AzureTest.Function\AzureTest.Function.csproj", "{22415C07-9FEE-4187-85F5-B7F8D5BA559D}"
EndProject
Global
	GlobalSection(SolutionConfigurationPlatforms) = preSolution
		Debug|Any CPU = Debug|Any CPU
		Release|Any CPU = Release|Any CPU
	EndGlobalSection
	GlobalSection(ProjectConfigurationPlatforms) = postSolution
		{DD2EB256-8646-4483-9DD1-9815A7D66326}.Debug|Any CPU.ActiveCfg = Debug|Any CPU
		{DD2EB256-8646-4483-9DD1-9815A7D66326}.Debug|Any CPU.Build.0 = Debug|Any CPU
		{DD2EB256-8646-4483-9DD1-9815A7D66326}.Release|Any CPU.ActiveCfg = Release|Any CPU
		{DD2EB256-8646-4483-9DD1-9815A7D66326}.Release|Any CPU.Build.0 = Release|Any CPU
		{22415C07-9FEE-4187-85F5-B7F8D5BA559D}.Debug|Any CPU.ActiveCfg = Debug|Any CPU
		{22415C07-9FEE-4187-85F5-B7F8D5BA559D}.Debug|Any CPU.Build.0 = Debug|Any CPU
		{22415C07-9FEE-4187-85F5-B7F8D5BA559D}.Release|Any CPU.ActiveCfg = Release|Any CPU
		{22415C07-9FEE-4187-85F5-B7F8D5BA559D}.Release|Any CPU.Build.0 = Release|Any CPU
	EndGlobalSection
EndGlobal
